
Microsoft Visual Studio Solution File, Format Version 12.00
# Visual Studio Version 17
VisualStudioVersion = 17.3.32929.385
MinimumVisualStudioVersion = 10.0.40219.1
Project("{9A19103F-16F7-4668-BE54-9A1E7A4F7556}") = "ASPWeb", "ASPWeb\ASPWeb.csproj", "{6A4069AA-0131-41AE-9F2D-0E6D13072FD6}"
EndProject
Project("{FAE04EC0-301F-11D3-BF4B-00C04F79EFBC}") = "AuthTutorial.Auth.Common", "AuthTutorial.Auth.Common\AuthTutorial.Auth.Common.csproj", "{29AF0CBF-4AF9-4621-9D41-237D6CFB0602}"
EndProject
Project("{FAE04EC0-301F-11D3-BF4B-00C04F79EFBC}") = "AuthTutorial.Resourse.Api", "AuthTutorial.Resourse.Api\AuthTutorial.Resourse.Api.csproj", "{CF1E497B-1609-4073-8456-F1F8F127A526}"
EndProject
Global
	GlobalSection(SolutionConfigurationPlatforms) = preSolution
		Debug|Any CPU = Debug|Any CPU
		Release|Any CPU = Release|Any CPU
	EndGlobalSection
	GlobalSection(ProjectConfigurationPlatforms) = postSolution
		{6A4069AA-0131-41AE-9F2D-0E6D13072FD6}.Debug|Any CPU.ActiveCfg = Debug|Any CPU
		{6A4069AA-0131-41AE-9F2D-0E6D13072FD6}.Debug|Any CPU.Build.0 = Debug|Any CPU
		{6A4069AA-0131-41AE-9F2D-0E6D13072FD6}.Release|Any CPU.ActiveCfg = Release|Any CPU
		{6A4069AA-0131-41AE-9F2D-0E6D13072FD6}.Release|Any CPU.Build.0 = Release|Any CPU
		{29AF0CBF-4AF9-4621-9D41-237D6CFB0602}.Debug|Any CPU.ActiveCfg = Debug|Any CPU
		{29AF0CBF-4AF9-4621-9D41-237D6CFB0602}.Debug|Any CPU.Build.0 = Debug|Any CPU
		{29AF0CBF-4AF9-4621-9D41-237D6CFB0602}.Release|Any CPU.ActiveCfg = Release|Any CPU
		{29AF0CBF-4AF9-4621-9D41-237D6CFB0602}.Release|Any CPU.Build.0 = Release|Any CPU
		{CF1E497B-1609-4073-8456-F1F8F127A526}.Debug|Any CPU.ActiveCfg = Debug|Any CPU
		{CF1E497B-1609-4073-8456-F1F8F127A526}.Debug|Any CPU.Build.0 = Debug|Any CPU
		{CF1E497B-1609-4073-8456-F1F8F127A526}.Release|Any CPU.ActiveCfg = Release|Any CPU
		{CF1E497B-1609-4073-8456-F1F8F127A526}.Release|Any CPU.Build.0 = Release|Any CPU
	EndGlobalSection
	GlobalSection(SolutionProperties) = preSolution
		HideSolutionNode = FALSE
	EndGlobalSection
	GlobalSection(ExtensibilityGlobals) = postSolution
		SolutionGuid = {C76D4887-603F-4928-985A-392498292B3F}
	EndGlobalSection
EndGlobal
